
Microsoft Visual Studio Solution File, Format Version 12.00
# Visual Studio 15
VisualStudioVersion = 15.0.27703.2035
MinimumVisualStudioVersion = 10.0.40219.1
Project("{9A19103F-16F7-4668-BE54-9A1E7A4F7556}") = "DotVue", "DotVue\DotVue.csproj", "{FA9EEF88-DF4A-43BF-9BE2-9770B2941E69}"
EndProject
Project("{FAE04EC0-301F-11D3-BF4B-00C04F79EFBC}") = "WebApp", "WebApp\WebApp.csproj", "{717EFCF9-DC37-4A36-950D-BD7E74D4D3CB}"
EndProject
Global
	GlobalSection(SolutionConfigurationPlatforms) = preSolution
		Debug|Any CPU = Debug|Any CPU
		Release|Any CPU = Release|Any CPU
	EndGlobalSection
	GlobalSection(ProjectConfigurationPlatforms) = postSolution
		{FA9EEF88-DF4A-43BF-9BE2-9770B2941E69}.Debug|Any CPU.ActiveCfg = Debug|Any CPU
		{FA9EEF88-DF4A-43BF-9BE2-9770B2941E69}.Debug|Any CPU.Build.0 = Debug|Any CPU
		{FA9EEF88-DF4A-43BF-9BE2-9770B2941E69}.Release|Any CPU.ActiveCfg = Release|Any CPU
		{FA9EEF88-DF4A-43BF-9BE2-9770B2941E69}.Release|Any CPU.Build.0 = Release|Any CPU
		{717EFCF9-DC37-4A36-950D-BD7E74D4D3CB}.Debug|Any CPU.ActiveCfg = Debug|Any CPU
		{717EFCF9-DC37-4A36-950D-BD7E74D4D3CB}.Debug|Any CPU.Build.0 = Debug|Any CPU
		{717EFCF9-DC37-4A36-950D-BD7E74D4D3CB}.Release|Any CPU.ActiveCfg = Release|Any CPU
		{717EFCF9-DC37-4A36-950D-BD7E74D4D3CB}.Release|Any CPU.Build.0 = Release|Any CPU
	EndGlobalSection
	GlobalSection(SolutionProperties) = preSolution
		HideSolutionNode = FALSE
	EndGlobalSection
	GlobalSection(ExtensibilityGlobals) = postSolution
		SolutionGuid = {4652E8C2-8CC9-46F5-944A-B8701DF6D2D8}
	EndGlobalSection
EndGlobal
